{
    "_readme": [
        "This file locks the dependencies of your project to a known state",
        "Read more about it at https://getcomposer.org/doc/01-basic-usage.md#installing-dependencies",
        "This file is @generated automatically"
    ],
    "content-hash": "bf0d2d1a05ed08841ca6bd3e7ec96b74",
    "packages": [],
    "packages-dev": [
        {
            "name": "phpstan/phpstan",
            "version": "1.10.66",
            "source": {
                "type": "git",
                "url": "https://github.com/phpstan/phpstan.git",
                "reference": "94779c987e4ebd620025d9e5fdd23323903950bd"
            },
            "dist": {
                "type": "zip",
                "url": "https://api.github.com/repos/phpstan/phpstan/zipball/94779c987e4ebd620025d9e5fdd23323903950bd",
                "reference": "94779c987e4ebd620025d9e5fdd23323903950bd",
                "shasum": ""
            },
            "require": {
                "php": "^7.2|^8.0"
            },
            "conflict": {
                "phpstan/phpstan-shim": "*"
            },
            "bin": [
                "phpstan",
                "phpstan.phar"
            ],
            "type": "library",
            "autoload": {
                "files": [
                    "bootstrap.php"
                ]
            },
            "notification-url": "https://packagist.org/downloads/",
            "license": [
                "MIT"
            ],
            "description": "PHPStan - PHP Static Analysis Tool",
            "keywords": [
                "dev",
                "static analysis"
            ],
            "support": {
                "docs": "https://phpstan.org/user-guide/getting-started",
                "forum": "https://github.com/phpstan/phpstan/discussions",
                "issues": "https://github.com/phpstan/phpstan/issues",
                "security": "https://github.com/phpstan/phpstan/security/policy",
                "source": "https://github.com/phpstan/phpstan-src"
            },
            "funding": [
                {
                    "url": "https://github.com/ondrejmirtes",
                    "type": "github"
                },
                {
                    "url": "https://github.com/phpstan",
                    "type": "github"
                },
                {
                    "url": "https://tidelift.com/funding/github/packagist/phpstan/phpstan",
                    "type": "tidelift"
                }
            ],
            "time": "2024-03-28T16:17:31+00:00"
        },
        {
            "name": "phpstan/phpstan-strict-rules",
            "version": "1.5.3",
            "source": {
                "type": "git",
                "url": "https://github.com/phpstan/phpstan-strict-rules.git",
                "reference": "568210bd301f94a0d4b1e5a0808c374c1b9cf11b"
            },
            "dist": {
                "type": "zip",
                "url": "https://api.github.com/repos/phpstan/phpstan-strict-rules/zipball/568210bd301f94a0d4b1e5a0808c374c1b9cf11b",
                "reference": "568210bd301f94a0d4b1e5a0808c374c1b9cf11b",
                "shasum": ""
            },
            "require": {
                "php": "^7.2 || ^8.0",
                "phpstan/phpstan": "^1.10.60"
            },
            "require-dev": {
                "nikic/php-parser": "^4.13.0",
                "php-parallel-lint/php-parallel-lint": "^1.2",
                "phpstan/phpstan-deprecation-rules": "^1.1",
                "phpstan/phpstan-phpunit": "^1.0",
                "phpunit/phpunit": "^9.5"
            },
            "type": "phpstan-extension",
            "extra": {
                "phpstan": {
                    "includes": [
                        "rules.neon"
                    ]
                }
            },
            "autoload": {
                "psr-4": {
                    "PHPStan\\": "src/"
                }
            },
            "notification-url": "https://packagist.org/downloads/",
            "license": [
                "MIT"
            ],
            "description": "Extra strict and opinionated rules for PHPStan",
            "support": {
                "issues": "https://github.com/phpstan/phpstan-strict-rules/issues",
                "source": "https://github.com/phpstan/phpstan-strict-rules/tree/1.5.3"
            },
            "time": "2024-04-06T07:43:25+00:00"
        },
        {
            "name": "squizlabs/php_codesniffer",
            "version": "3.9.1",
            "source": {
                "type": "git",
                "url": "https://github.com/PHPCSStandards/PHP_CodeSniffer.git",
                "reference": "267a4405fff1d9c847134db3a3c92f1ab7f77909"
            },
            "dist": {
                "type": "zip",
                "url": "https://api.github.com/repos/PHPCSStandards/PHP_CodeSniffer/zipball/267a4405fff1d9c847134db3a3c92f1ab7f77909",
                "reference": "267a4405fff1d9c847134db3a3c92f1ab7f77909",
                "shasum": ""
            },
            "require": {
                "ext-simplexml": "*",
                "ext-tokenizer": "*",
                "ext-xmlwriter": "*",
                "php": ">=5.4.0"
            },
            "require-dev": {
                "phpunit/phpunit": "^4.0 || ^5.0 || ^6.0 || ^7.0 || ^8.0 || ^9.3.4"
            },
            "bin": [
                "bin/phpcbf",
                "bin/phpcs"
            ],
            "type": "library",
            "extra": {
                "branch-alias": {
                    "dev-master": "3.x-dev"
                }
            },
            "notification-url": "https://packagist.org/downloads/",
            "license": [
                "BSD-3-Clause"
            ],
            "authors": [
                {
                    "name": "Greg Sherwood",
                    "role": "Former lead"
                },
                {
                    "name": "Juliette Reinders Folmer",
                    "role": "Current lead"
                },
                {
                    "name": "Contributors",
                    "homepage": "https://github.com/PHPCSStandards/PHP_CodeSniffer/graphs/contributors"
                }
            ],
            "description": "PHP_CodeSniffer tokenizes PHP, JavaScript and CSS files and detects violations of a defined set of coding standards.",
            "homepage": "https://github.com/PHPCSStandards/PHP_CodeSniffer",
            "keywords": [
                "phpcs",
                "standards",
                "static analysis"
            ],
            "support": {
                "issues": "https://github.com/PHPCSStandards/PHP_CodeSniffer/issues",
                "security": "https://github.com/PHPCSStandards/PHP_CodeSniffer/security/policy",
                "source": "https://github.com/PHPCSStandards/PHP_CodeSniffer",
                "wiki": "https://github.com/PHPCSStandards/PHP_CodeSniffer/wiki"
            },
            "funding": [
                {
                    "url": "https://github.com/PHPCSStandards",
                    "type": "github"
                },
                {
                    "url": "https://github.com/jrfnl",
                    "type": "github"
                },
                {
                    "url": "https://opencollective.com/php_codesniffer",
                    "type": "open_collective"
                }
            ],
            "time": "2024-03-31T21:03:09+00:00"
        }
    ],
    "aliases": [],
    "minimum-stability": "stable",
    "stability-flags": [],
    "prefer-stable": false,
    "prefer-lowest": false,
    "platform": {
        "php": ">=7.4",
        "ext-ctype": "*",
        "ext-curl": "*",
        "ext-dom": "*",
        "ext-fileinfo": "*",
        "ext-gmp": "*",
        "ext-intl": "*",
        "ext-json": "*",
        "ext-libxml": "*",
        "ext-mbstring": "*",
        "ext-openssl": "*",
        "ext-pcre": "*",
        "ext-pdo": "*",
        "ext-pdo_sqlite": "*",
        "ext-session": "*",
        "ext-simplexml": "*",
        "ext-xml": "*",
        "ext-xmlreader": "*",
        "ext-zend-opcache": "*",
        "ext-zip": "*",
        "ext-zlib": "*"
    },
    "platform-dev": {
        "php": ">=7.4",
        "ext-phar": "*",
        "ext-tokenizer": "*",
        "ext-xmlwriter": "*"
    },
    "plugin-api-version": "2.3.0"
}
